// !$*UTF8*$!
{
	archiveVersion = 1;
	classes = {
	};
	objectVersion = 52;
	objects = {

/* Begin PBXBuildFile section */
		15220A6B25DC374300E95164 /* ifengus1_4App.swift in Sources */ = {isa = PBXBuildFile; fileRef = 15220A6A25DC374300E95164 /* ifengus1_4App.swift */; };
		15220A6D25DC374300E95164 /* AppMainView.swift in Sources */ = {isa = PBXBuildFile; fileRef = 15220A6C25DC374300E95164 /* AppMainView.swift */; };
		15220A6F25DC374400E95164 /* Assets.xcassets in Resources */ = {isa = PBXBuildFile; fileRef = 15220A6E25DC374400E95164 /* Assets.xcassets */; };
		15220A7225DC374400E95164 /* Preview Assets.xcassets in Resources */ = {isa = PBXBuildFile; fileRef = 15220A7125DC374400E95164 /* Preview Assets.xcassets */; };
		15220A7425DC374400E95164 /* Persistence.swift in Sources */ = {isa = PBXBuildFile; fileRef = 15220A7325DC374400E95164 /* Persistence.swift */; };
		15220A7725DC374400E95164 /* ifengus1_4.xcdatamodeld in Sources */ = {isa = PBXBuildFile; fileRef = 15220A7525DC374400E95164 /* ifengus1_4.xcdatamodeld */; };
		15220A8325DC37C600E95164 /* ChannelManager.swift in Sources */ = {isa = PBXBuildFile; fileRef = 15220A8225DC37C600E95164 /* ChannelManager.swift */; };
		15220A8625DC388D00E95164 /* SpecialManager.swift in Sources */ = {isa = PBXBuildFile; fileRef = 15220A8525DC388D00E95164 /* SpecialManager.swift */; };
		15220A8925DC398D00E95164 /* ArchiveListManager.swift in Sources */ = {isa = PBXBuildFile; fileRef = 15220A8825DC398D00E95164 /* ArchiveListManager.swift */; };
		15220A8D25DC3BF000E95164 /* ArchiveManager.swift in Sources */ = {isa = PBXBuildFile; fileRef = 15220A8C25DC3BF000E95164 /* ArchiveManager.swift */; };
		15220A9025DC3E8700E95164 /* Config.xcconfig in Resources */ = {isa = PBXBuildFile; fileRef = 15220A8F25DC3E8700E95164 /* Config.xcconfig */; };
		15220A9425DC422000E95164 /* PublicSearchBar.swift in Sources */ = {isa = PBXBuildFile; fileRef = 15220A9325DC422000E95164 /* PublicSearchBar.swift */; };
		15220A9725DC42D500E95164 /* PublicAccountButton.swift in Sources */ = {isa = PBXBuildFile; fileRef = 15220A9625DC42D500E95164 /* PublicAccountButton.swift */; };
		15220A9A25DC43A900E95164 /* UserCenterView.swift in Sources */ = {isa = PBXBuildFile; fileRef = 15220A9925DC43A900E95164 /* UserCenterView.swift */; };
		15220A9E25DC44A800E95164 /* UserLoginManager.swift in Sources */ = {isa = PBXBuildFile; fileRef = 15220A9D25DC44A800E95164 /* UserLoginManager.swift */; };
		15220AA125DC45B000E95164 /* PublicManager.swift in Sources */ = {isa = PBXBuildFile; fileRef = 15220AA025DC45B000E95164 /* PublicManager.swift */; };
		15220AA525DC480800E95164 /* TodayView.swift in Sources */ = {isa = PBXBuildFile; fileRef = 15220AA425DC480800E95164 /* TodayView.swift */; };
		15220AA825DC4DBB00E95164 /* PublicTopAdsBlock.swift in Sources */ = {isa = PBXBuildFile; fileRef = 15220AA725DC4DBB00E95164 /* PublicTopAdsBlock.swift */; };
		15220AAB25DC4E8300E95164 /* ArchiveListBlock.swift in Sources */ = {isa = PBXBuildFile; fileRef = 15220AAA25DC4E8300E95164 /* ArchiveListBlock.swift */; };
		15220AAE25DC500000E95164 /* MenuView.swift in Sources */ = {isa = PBXBuildFile; fileRef = 15220AAD25DC500000E95164 /* MenuView.swift */; };
		15220AB125DC52C600E95164 /* ArchiveDetailView.swift in Sources */ = {isa = PBXBuildFile; fileRef = 15220AB025DC52C600E95164 /* ArchiveDetailView.swift */; };
		15220AB425DC533400E95164 /* ChanneListlBlock.swift in Sources */ = {isa = PBXBuildFile; fileRef = 15220AB325DC533400E95164 /* ChanneListlBlock.swift */; };
		15220AB825DC540400E95164 /* ArchiveListView.swift in Sources */ = {isa = PBXBuildFile; fileRef = 15220AB725DC540400E95164 /* ArchiveListView.swift */; };
		15220ABB25DC554400E95164 /* SpecialListBlock.swift in Sources */ = {isa = PBXBuildFile; fileRef = 15220ABA25DC554400E95164 /* SpecialListBlock.swift */; };
		15220ABE25DC55FC00E95164 /* SpecialListView.swift in Sources */ = {isa = PBXBuildFile; fileRef = 15220ABD25DC55FC00E95164 /* SpecialListView.swift */; };
		15220AC125DC565300E95164 /* SpecialListManager.swift in Sources */ = {isa = PBXBuildFile; fileRef = 15220AC025DC565300E95164 /* SpecialListManager.swift */; };
		15220AD225DC94DE00E95164 /* SDWebImageSwiftUI in Frameworks */ = {isa = PBXBuildFile; productRef = 15220AD125DC94DE00E95164 /* SDWebImageSwiftUI */; };
		CF272E4225DCA23C003959A5 /* TopAdsManager.swift in Sources */ = {isa = PBXBuildFile; fileRef = CF272E4125DCA23C003959A5 /* TopAdsManager.swift */; };
/* End PBXBuildFile section */

/* Begin PBXFileReference section */
		15220A6725DC374300E95164 /* ifengus1_4.app */ = {isa = PBXFileReference; explicitFileType = wrapper.application; includeInIndex = 0; path = ifengus1_4.app; sourceTree = BUILT_PRODUCTS_DIR; };
		15220A6A25DC374300E95164 /* ifengus1_4App.swift */ = {isa = PBXFileReference; lastKnownFileType = sourcecode.swift; path = ifengus1_4App.swift; sourceTree = "<group>"; };
		15220A6C25DC374300E95164 /* AppMainView.swift */ = {isa = PBXFileReference; lastKnownFileType = sourcecode.swift; path = AppMainView.swift; sourceTree = "<group>"; };
		15220A6E25DC374400E95164 /* Assets.xcassets */ = {isa = PBXFileReference; lastKnownFileType = folder.assetcatalog; path = Assets.xcassets; sourceTree = "<group>"; };
		15220A7125DC374400E95164 /* Preview Assets.xcassets */ = {isa = PBXFileReference; lastKnownFileType = folder.assetcatalog; path = "Preview Assets.xcassets"; sourceTree = "<group>"; };
		15220A7325DC374400E95164 /* Persistence.swift */ = {isa = PBXFileReference; lastKnownFileType = sourcecode.swift; path = Persistence.swift; sourceTree = "<group>"; };
		15220A7625DC374400E95164 /* ifengus1_4.xcdatamodel */ = {isa = PBXFileReference; lastKnownFileType = wrapper.xcdatamodel; path = ifengus1_4.xcdatamodel; sourceTree = "<group>"; };
		15220A7825DC374400E95164 /* Info.plist */ = {isa = PBXFileReference; lastKnownFileType = text.plist.xml; path = Info.plist; sourceTree = "<group>"; };
		15220A8225DC37C600E95164 /* ChannelManager.swift */ = {isa = PBXFileReference; lastKnownFileType = sourcecode.swift; path = ChannelManager.swift; sourceTree = "<group>"; };
		15220A8525DC388D00E95164 /* SpecialManager.swift */ = {isa = PBXFileReference; lastKnownFileType = sourcecode.swift; path = SpecialManager.swift; sourceTree = "<group>"; };
		15220A8825DC398D00E95164 /* ArchiveListManager.swift */ = {isa = PBXFileReference; lastKnownFileType = sourcecode.swift; path = ArchiveListManager.swift; sourceTree = "<group>"; };
		15220A8C25DC3BF000E95164 /* ArchiveManager.swift */ = {isa = PBXFileReference; lastKnownFileType = sourcecode.swift; path = ArchiveManager.swift; sourceTree = "<group>"; };
		15220A8F25DC3E8700E95164 /* Config.xcconfig */ = {isa = PBXFileReference; fileEncoding = 4; lastKnownFileType = text.xcconfig; path = Config.xcconfig; sourceTree = "<group>"; };
		15220A9325DC422000E95164 /* PublicSearchBar.swift */ = {isa = PBXFileReference; lastKnownFileType = sourcecode.swift; path = PublicSearchBar.swift; sourceTree = "<group>"; };
		15220A9625DC42D500E95164 /* PublicAccountButton.swift */ = {isa = PBXFileReference; lastKnownFileType = sourcecode.swift; path = PublicAccountButton.swift; sourceTree = "<group>"; };
		15220A9925DC43A900E95164 /* UserCenterView.swift */ = {isa = PBXFileReference; lastKnownFileType = sourcecode.swift; path = UserCenterView.swift; sourceTree = "<group>"; };
		15220A9D25DC44A800E95164 /* UserLoginManager.swift */ = {isa = PBXFileReference; lastKnownFileType = sourcecode.swift; path = UserLoginManager.swift; sourceTree = "<group>"; };
		15220AA025DC45B000E95164 /* PublicManager.swift */ = {isa = PBXFileReference; lastKnownFileType = sourcecode.swift; path = PublicManager.swift; sourceTree = "<group>"; };
		15220AA425DC480800E95164 /* TodayView.swift */ = {isa = PBXFileReference; lastKnownFileType = sourcecode.swift; path = TodayView.swift; sourceTree = "<group>"; };
		15220AA725DC4DBB00E95164 /* PublicTopAdsBlock.swift */ = {isa = PBXFileReference; lastKnownFileType = sourcecode.swift; path = PublicTopAdsBlock.swift; sourceTree = "<group>"; };
		15220AAA25DC4E8300E95164 /* ArchiveListBlock.swift */ = {isa = PBXFileReference; lastKnownFileType = sourcecode.swift; path = ArchiveListBlock.swift; sourceTree = "<group>"; };
		15220AAD25DC500000E95164 /* MenuView.swift */ = {isa = PBXFileReference; lastKnownFileType = sourcecode.swift; path = MenuView.swift; sourceTree = "<group>"; };
		15220AB025DC52C600E95164 /* ArchiveDetailView.swift */ = {isa = PBXFileReference; lastKnownFileType = sourcecode.swift; path = ArchiveDetailView.swift; sourceTree = "<group>"; };
		15220AB325DC533400E95164 /* ChanneListlBlock.swift */ = {isa = PBXFileReference; lastKnownFileType = sourcecode.swift; path = ChanneListlBlock.swift; sourceTree = "<group>"; };
		15220AB725DC540400E95164 /* ArchiveListView.swift */ = {isa = PBXFileReference; lastKnownFileType = sourcecode.swift; path = ArchiveListView.swift; sourceTree = "<group>"; };
		15220ABA25DC554400E95164 /* SpecialListBlock.swift */ = {isa = PBXFileReference; lastKnownFileType = sourcecode.swift; path = SpecialListBlock.swift; sourceTree = "<group>"; };
		15220ABD25DC55FC00E95164 /* SpecialListView.swift */ = {isa = PBXFileReference; lastKnownFileType = sourcecode.swift; path = SpecialListView.swift; sourceTree = "<group>"; };
		15220AC025DC565300E95164 /* SpecialListManager.swift */ = {isa = PBXFileReference; lastKnownFileType = sourcecode.swift; path = SpecialListManager.swift; sourceTree = "<group>"; };
		CF272E4125DCA23C003959A5 /* TopAdsManager.swift */ = {isa = PBXFileReference; fileEncoding = 4; lastKnownFileType = sourcecode.swift; path = TopAdsManager.swift; sourceTree = "<group>"; };
/* End PBXFileReference section */

/* Begin PBXFrameworksBuildPhase section */
		15220A6425DC374300E95164 /* Frameworks */ = {
			isa = PBXFrameworksBuildPhase;
			buildActionMask = 2147483647;
			files = (
				15220AD225DC94DE00E95164 /* SDWebImageSwiftUI in Frameworks */,
			);
			runOnlyForDeploymentPostprocessing = 0;
		};
/* End PBXFrameworksBuildPhase section */

/* Begin PBXGroup section */
		15220A5E25DC374300E95164 = {
			isa = PBXGroup;
			children = (
				15220A6925DC374300E95164 /* ifengus1_4 */,
				15220A6825DC374300E95164 /* Products */,
			);
			sourceTree = "<group>";
		};
		15220A6825DC374300E95164 /* Products */ = {
			isa = PBXGroup;
			children = (
				15220A6725DC374300E95164 /* ifengus1_4.app */,
			);
			name = Products;
			sourceTree = "<group>";
		};
		15220A6925DC374300E95164 /* ifengus1_4 */ = {
			isa = PBXGroup;
			children = (
				15220A8125DC378400E95164 /* View */,
				15220A8025DC377200E95164 /* ViewModel */,
				15220A7F25DC376400E95164 /* Model */,
				15220A6A25DC374300E95164 /* ifengus1_4App.swift */,
				15220A6E25DC374400E95164 /* Assets.xcassets */,
				15220A7325DC374400E95164 /* Persistence.swift */,
				15220A7825DC374400E95164 /* Info.plist */,
				15220A8F25DC3E8700E95164 /* Config.xcconfig */,
				15220A7525DC374400E95164 /* ifengus1_4.xcdatamodeld */,
				15220A7025DC374400E95164 /* Preview Content */,
			);
			path = ifengus1_4;
			sourceTree = "<group>";
		};
		15220A7025DC374400E95164 /* Preview Content */ = {
			isa = PBXGroup;
			children = (
				15220A7125DC374400E95164 /* Preview Assets.xcassets */,
			);
			path = "Preview Content";
			sourceTree = "<group>";
		};
		15220A7F25DC376400E95164 /* Model */ = {
			isa = PBXGroup;
			children = (
				15220A8225DC37C600E95164 /* ChannelManager.swift */,
				15220A8525DC388D00E95164 /* SpecialManager.swift */,
				15220AC025DC565300E95164 /* SpecialListManager.swift */,
				15220A8825DC398D00E95164 /* ArchiveListManager.swift */,
				15220A8C25DC3BF000E95164 /* ArchiveManager.swift */,
				CF272E4125DCA23C003959A5 /* TopAdsManager.swift */,
				15220A9D25DC44A800E95164 /* UserLoginManager.swift */,
				15220AA025DC45B000E95164 /* PublicManager.swift */,
			);
			path = Model;
			sourceTree = "<group>";
		};
		15220A8025DC377200E95164 /* ViewModel */ = {
			isa = PBXGroup;
			children = (
				15220A9325DC422000E95164 /* PublicSearchBar.swift */,
				15220AAA25DC4E8300E95164 /* ArchiveListBlock.swift */,
				15220A9625DC42D500E95164 /* PublicAccountButton.swift */,
				15220AA725DC4DBB00E95164 /* PublicTopAdsBlock.swift */,
				15220AB325DC533400E95164 /* ChanneListlBlock.swift */,
				15220ABA25DC554400E95164 /* SpecialListBlock.swift */,
			);
			path = ViewModel;
			sourceTree = "<group>";
		};
		15220A8125DC378400E95164 /* View */ = {
			isa = PBXGroup;
			children = (
				15220A6C25DC374300E95164 /* AppMainView.swift */,
				15220A9925DC43A900E95164 /* UserCenterView.swift */,
				15220AA425DC480800E95164 /* TodayView.swift */,
				15220AAD25DC500000E95164 /* MenuView.swift */,
				15220AB025DC52C600E95164 /* ArchiveDetailView.swift */,
				15220AB725DC540400E95164 /* ArchiveListView.swift */,
				15220ABD25DC55FC00E95164 /* SpecialListView.swift */,
			);
			path = View;
			sourceTree = "<group>";
		};
/* End PBXGroup section */

/* Begin PBXNativeTarget section */
		15220A6625DC374300E95164 /* ifengus1_4 */ = {
			isa = PBXNativeTarget;
			buildConfigurationList = 15220A7B25DC374400E95164 /* Build configuration list for PBXNativeTarget "ifengus1_4" */;
			buildPhases = (
				15220A6325DC374300E95164 /* Sources */,
				15220A6425DC374300E95164 /* Frameworks */,
				15220A6525DC374300E95164 /* Resources */,
			);
			buildRules = (
			);
			dependencies = (
			);
			name = ifengus1_4;
			packageProductDependencies = (
				15220AD125DC94DE00E95164 /* SDWebImageSwiftUI */,
			);
			productName = ifengus1_4;
			productReference = 15220A6725DC374300E95164 /* ifengus1_4.app */;
			productType = "com.apple.product-type.application";
		};
/* End PBXNativeTarget section */

/* Begin PBXProject section */
		15220A5F25DC374300E95164 /* Project object */ = {
			isa = PBXProject;
			attributes = {
				LastSwiftUpdateCheck = 1240;
				LastUpgradeCheck = 1240;
				TargetAttributes = {
					15220A6625DC374300E95164 = {
						CreatedOnToolsVersion = 12.4;
					};
				};
			};
			buildConfigurationList = 15220A6225DC374300E95164 /* Build configuration list for PBXProject "ifengus1_4" */;
			compatibilityVersion = "Xcode 9.3";
			developmentRegion = en;
			hasScannedForEncodings = 0;
			knownRegions = (
				en,
				Base,
			);
			mainGroup = 15220A5E25DC374300E95164;
			packageReferences = (
				15220AD025DC94DE00E95164 /* XCRemoteSwiftPackageReference "SDWebImageSwiftUI" */,
			);
			productRefGroup = 15220A6825DC374300E95164 /* Products */;
			projectDirPath = "";
			projectRoot = "";
			targets = (
				15220A6625DC374300E95164 /* ifengus1_4 */,
			);
		};
/* End PBXProject section */

/* Begin PBXResourcesBuildPhase section */
		15220A6525DC374300E95164 /* Resources */ = {
			isa = PBXResourcesBuildPhase;
			buildActionMask = 2147483647;
			files = (
				15220A7225DC374400E95164 /* Preview Assets.xcassets in Resources */,
				15220A9025DC3E8700E95164 /* Config.xcconfig in Resources */,
				15220A6F25DC374400E95164 /* Assets.xcassets in Resources */,
			);
			runOnlyForDeploymentPostprocessing = 0;
		};
/* End PBXResourcesBuildPhase section */

/* Begin PBXSourcesBuildPhase section */
		15220A6325DC374300E95164 /* Sources */ = {
			isa = PBXSourcesBuildPhase;
			buildActionMask = 2147483647;
			files = (
				15220A9425DC422000E95164 /* PublicSearchBar.swift in Sources */,
				15220AB825DC540400E95164 /* ArchiveListView.swift in Sources */,
				15220A7725DC374400E95164 /* ifengus1_4.xcdatamodeld in Sources */,
				15220AA125DC45B000E95164 /* PublicManager.swift in Sources */,
				15220A8325DC37C600E95164 /* ChannelManager.swift in Sources */,
				15220A7425DC374400E95164 /* Persistence.swift in Sources */,
				15220A6D25DC374300E95164 /* AppMainView.swift in Sources */,
				15220AA825DC4DBB00E95164 /* PublicTopAdsBlock.swift in Sources */,
				15220AB125DC52C600E95164 /* ArchiveDetailView.swift in Sources */,
				15220AAE25DC500000E95164 /* MenuView.swift in Sources */,
				15220A8D25DC3BF000E95164 /* ArchiveManager.swift in Sources */,
				15220ABB25DC554400E95164 /* SpecialListBlock.swift in Sources */,
				CF272E4225DCA23C003959A5 /* TopAdsManager.swift in Sources */,
				15220A9A25DC43A900E95164 /* UserCenterView.swift in Sources */,
				15220AB425DC533400E95164 /* ChanneListlBlock.swift in Sources */,
				15220A9725DC42D500E95164 /* PublicAccountButton.swift in Sources */,
				15220AAB25DC4E8300E95164 /* ArchiveListBlock.swift in Sources */,
				15220A9E25DC44A800E95164 /* UserLoginManager.swift in Sources */,
				15220AA525DC480800E95164 /* TodayView.swift in Sources */,
				15220A6B25DC374300E95164 /* ifengus1_4App.swift in Sources */,
				15220A8625DC388D00E95164 /* SpecialManager.swift in Sources */,
				15220ABE25DC55FC00E95164 /* SpecialListView.swift in Sources */,
				15220AC125DC565300E95164 /* SpecialListManager.swift in Sources */,
				15220A8925DC398D00E95164 /* ArchiveListManager.swift in Sources */,
			);
			runOnlyForDeploymentPostprocessing = 0;
		};
/* End PBXSourcesBuildPhase section */

/* Begin XCBuildConfiguration section */
		15220A7925DC374400E95164 /* Debug */ = {
			isa = XCBuildConfiguration;
			buildSettings = {
				ALWAYS_SEARCH_USER_PATHS = NO;
				CLANG_ANALYZER_NONNULL = YES;
				CLANG_ANALYZER_NUMBER_OBJECT_CONVERSION = YES_AGGRESSIVE;
				CLANG_CXX_LANGUAGE_STANDARD = "gnu++14";
				CLANG_CXX_LIBRARY = "libc++";
				CLANG_ENABLE_MODULES = YES;
				CLANG_ENABLE_OBJC_ARC = YES;
				CLANG_ENABLE_OBJC_WEAK = YES;
				CLANG_WARN_BLOCK_CAPTURE_AUTORELEASING = YES;
				CLANG_WARN_BOOL_CONVERSION = YES;
				CLANG_WARN_COMMA = YES;
				CLANG_WARN_CONSTANT_CONVERSION = YES;
				CLANG_WARN_DEPRECATED_OBJC_IMPLEMENTATIONS = YES;
				CLANG_WARN_DIRECT_OBJC_ISA_USAGE = YES_ERROR;
				CLANG_WARN_DOCUMENTATION_COMMENTS = YES;
				CLANG_WARN_EMPTY_BODY = YES;
				CLANG_WARN_ENUM_CONVERSION = YES;
				CLANG_WARN_INFINITE_RECURSION = YES;
				CLANG_WARN_INT_CONVERSION = YES;
				CLANG_WARN_NON_LITERAL_NULL_CONVERSION = YES;
				CLANG_WARN_OBJC_IMPLICIT_RETAIN_SELF = YES;
				CLANG_WARN_OBJC_LITERAL_CONVERSION = YES;
				CLANG_WARN_OBJC_ROOT_CLASS = YES_ERROR;
				CLANG_WARN_QUOTED_INCLUDE_IN_FRAMEWORK_HEADER = YES;
				CLANG_WARN_RANGE_LOOP_ANALYSIS = YES;
				CLANG_WARN_STRICT_PROTOTYPES = YES;
				CLANG_WARN_SUSPICIOUS_MOVE = YES;
				CLANG_WARN_UNGUARDED_AVAILABILITY = YES_AGGRESSIVE;
				CLANG_WARN_UNREACHABLE_CODE = YES;
				CLANG_WARN__DUPLICATE_METHOD_MATCH = YES;
				COPY_PHASE_STRIP = NO;
				DEBUG_INFORMATION_FORMAT = dwarf;
				ENABLE_STRICT_OBJC_MSGSEND = YES;
				ENABLE_TESTABILITY = YES;
				GCC_C_LANGUAGE_STANDARD = gnu11;
				GCC_DYNAMIC_NO_PIC = NO;
				GCC_NO_COMMON_BLOCKS = YES;
				GCC_OPTIMIZATION_LEVEL = 0;
				GCC_PREPROCESSOR_DEFINITIONS = (
					"DEBUG=1",
					"$(inherited)",
				);
				GCC_WARN_64_TO_32_BIT_CONVERSION = YES;
				GCC_WARN_ABOUT_RETURN_TYPE = YES_ERROR;
				GCC_WARN_UNDECLARED_SELECTOR = YES;
				GCC_WARN_UNINITIALIZED_AUTOS = YES_AGGRESSIVE;
				GCC_WARN_UNUSED_FUNCTION = YES;
				GCC_WARN_UNUSED_VARIABLE = YES;
				IPHONEOS_DEPLOYMENT_TARGET = 14.4;
				MTL_ENABLE_DEBUG_INFO = INCLUDE_SOURCE;
				MTL_FAST_MATH = YES;
				ONLY_ACTIVE_ARCH = YES;
				SDKROOT = iphoneos;
				SWIFT_ACTIVE_COMPILATION_CONDITIONS = DEBUG;
				SWIFT_OPTIMIZATION_LEVEL = "-Onone";
			};
			name = Debug;
		};
		15220A7A25DC374400E95164 /* Release */ = {
			isa = XCBuildConfiguration;
			buildSettings = {
				ALWAYS_SEARCH_USER_PATHS = NO;
				CLANG_ANALYZER_NONNULL = YES;
				CLANG_ANALYZER_NUMBER_OBJECT_CONVERSION = YES_AGGRESSIVE;
				CLANG_CXX_LANGUAGE_STANDARD = "gnu++14";
				CLANG_CXX_LIBRARY = "libc++";
				CLANG_ENABLE_MODULES = YES;
				CLANG_ENABLE_OBJC_ARC = YES;
				CLANG_ENABLE_OBJC_WEAK = YES;
				CLANG_WARN_BLOCK_CAPTURE_AUTORELEASING = YES;
				CLANG_WARN_BOOL_CONVERSION = YES;
				CLANG_WARN_COMMA = YES;
				CLANG_WARN_CONSTANT_CONVERSION = YES;
				CLANG_WARN_DEPRECATED_OBJC_IMPLEMENTATIONS = YES;
				CLANG_WARN_DIRECT_OBJC_ISA_USAGE = YES_ERROR;
				CLANG_WARN_DOCUMENTATION_COMMENTS = YES;
				CLANG_WARN_EMPTY_BODY = YES;
				CLANG_WARN_ENUM_CONVERSION = YES;
				CLANG_WARN_INFINITE_RECURSION = YES;
				CLANG_WARN_INT_CONVERSION = YES;
				CLANG_WARN_NON_LITERAL_NULL_CONVERSION = YES;
				CLANG_WARN_OBJC_IMPLICIT_RETAIN_SELF = YES;
				CLANG_WARN_OBJC_LITERAL_CONVERSION = YES;
				CLANG_WARN_OBJC_ROOT_CLASS = YES_ERROR;
				CLANG_WARN_QUOTED_INCLUDE_IN_FRAMEWORK_HEADER = YES;
				CLANG_WARN_RANGE_LOOP_ANALYSIS = YES;
				CLANG_WARN_STRICT_PROTOTYPES = YES;
				CLANG_WARN_SUSPICIOUS_MOVE = YES;
				CLANG_WARN_UNGUARDED_AVAILABILITY = YES_AGGRESSIVE;
				CLANG_WARN_UNREACHABLE_CODE = YES;
				CLANG_WARN__DUPLICATE_METHOD_MATCH = YES;
				COPY_PHASE_STRIP = NO;
				DEBUG_INFORMATION_FORMAT = "dwarf-with-dsym";
				ENABLE_NS_ASSERTIONS = NO;
				ENABLE_STRICT_OBJC_MSGSEND = YES;
				GCC_C_LANGUAGE_STANDARD = gnu11;
				GCC_NO_COMMON_BLOCKS = YES;
				GCC_WARN_64_TO_32_BIT_CONVERSION = YES;
				GCC_WARN_ABOUT_RETURN_TYPE = YES_ERROR;
				GCC_WARN_UNDECLARED_SELECTOR = YES;
				GCC_WARN_UNINITIALIZED_AUTOS = YES_AGGRESSIVE;
				GCC_WARN_UNUSED_FUNCTION = YES;
				GCC_WARN_UNUSED_VARIABLE = YES;
				IPHONEOS_DEPLOYMENT_TARGET = 14.4;
				MTL_ENABLE_DEBUG_INFO = NO;
				MTL_FAST_MATH = YES;
				SDKROOT = iphoneos;
				SWIFT_COMPILATION_MODE = wholemodule;
				SWIFT_OPTIMIZATION_LEVEL = "-O";
				VALIDATE_PRODUCT = YES;
			};
			name = Release;
		};
		15220A7C25DC374400E95164 /* Debug */ = {
			isa = XCBuildConfiguration;
			buildSettings = {
				ASSETCATALOG_COMPILER_APPICON_NAME = AppIcon;
				ASSETCATALOG_COMPILER_GLOBAL_ACCENT_COLOR_NAME = AccentColor;
				CODE_SIGN_STYLE = Automatic;
				DEVELOPMENT_ASSET_PATHS = "\"ifengus1_4/Preview Content\"";
				DEVELOPMENT_TEAM = 732CPZWBWV;
				ENABLE_PREVIEWS = YES;
				INFOPLIST_FILE = ifengus1_4/Info.plist;
				IPHONEOS_DEPLOYMENT_TARGET = 14.0;
				LD_RUNPATH_SEARCH_PATHS = (
					"$(inherited)",
					"@executable_path/Frameworks",
				);
				PRODUCT_BUNDLE_IDENTIFIER = "-8-Software.ifengus1-4";
				PRODUCT_NAME = "$(TARGET_NAME)";
				SWIFT_VERSION = 5.0;
				TARGETED_DEVICE_FAMILY = "1,2";
			};
			name = Debug;
		};
		15220A7D25DC374400E95164 /* Release */ = {
			isa = XCBuildConfiguration;
			buildSettings = {
				ASSETCATALOG_COMPILER_APPICON_NAME = AppIcon;
				ASSETCATALOG_COMPILER_GLOBAL_ACCENT_COLOR_NAME = AccentColor;
				CODE_SIGN_STYLE = Automatic;
				DEVELOPMENT_ASSET_PATHS = "\"ifengus1_4/Preview Content\"";
				DEVELOPMENT_TEAM = 732CPZWBWV;
				ENABLE_PREVIEWS = YES;
				INFOPLIST_FILE = ifengus1_4/Info.plist;
				IPHONEOS_DEPLOYMENT_TARGET = 14.0;
				LD_RUNPATH_SEARCH_PATHS = (
					"$(inherited)",
					"@executable_path/Frameworks",
				);
				PRODUCT_BUNDLE_IDENTIFIER = "-8-Software.ifengus1-4";
				PRODUCT_NAME = "$(TARGET_NAME)";
				SWIFT_VERSION = 5.0;
				TARGETED_DEVICE_FAMILY = "1,2";
			};
			name = Release;
		};
/* End XCBuildConfiguration section */

/* Begin XCConfigurationList section */
		15220A6225DC374300E95164 /* Build configuration list for PBXProject "ifengus1_4" */ = {
			isa = XCConfigurationList;
			buildConfigurations = (
				15220A7925DC374400E95164 /* Debug */,
				15220A7A25DC374400E95164 /* Release */,
			);
			defaultConfigurationIsVisible = 0;
			defaultConfigurationName = Release;
		};
		15220A7B25DC374400E95164 /* Build configuration list for PBXNativeTarget "ifengus1_4" */ = {
			isa = XCConfigurationList;
			buildConfigurations = (
				15220A7C25DC374400E95164 /* Debug */,
				15220A7D25DC374400E95164 /* Release */,
			);
			defaultConfigurationIsVisible = 0;
			defaultConfigurationName = Release;
		};
/* End XCConfigurationList section */

/* Begin XCRemoteSwiftPackageReference section */
		15220AD025DC94DE00E95164 /* XCRemoteSwiftPackageReference "SDWebImageSwiftUI" */ = {
			isa = XCRemoteSwiftPackageReference;
			repositoryURL = "https://github.com/SDWebImage/SDWebImageSwiftUI.git";
			requirement = {
				kind = upToNextMajorVersion;
				minimumVersion = 1.5.0;
			};
		};
/* End XCRemoteSwiftPackageReference section */

/* Begin XCSwiftPackageProductDependency section */
		15220AD125DC94DE00E95164 /* SDWebImageSwiftUI */ = {
			isa = XCSwiftPackageProductDependency;
			package = 15220AD025DC94DE00E95164 /* XCRemoteSwiftPackageReference "SDWebImageSwiftUI" */;
			productName = SDWebImageSwiftUI;
		};
/* End XCSwiftPackageProductDependency section */

/* Begin XCVersionGroup section */
		15220A7525DC374400E95164 /* ifengus1_4.xcdatamodeld */ = {
			isa = XCVersionGroup;
			children = (
				15220A7625DC374400E95164 /* ifengus1_4.xcdatamodel */,
			);
			currentVersion = 15220A7625DC374400E95164 /* ifengus1_4.xcdatamodel */;
			path = ifengus1_4.xcdatamodeld;
			sourceTree = "<group>";
			versionGroupType = wrapper.xcdatamodel;
		};
/* End XCVersionGroup section */
	};
	rootObject = 15220A5F25DC374300E95164 /* Project object */;
}
